// !$*UTF8*$!
{
	archiveVersion = 1;
	classes = {
	};
	objectVersion = 56;
	objects = {

/* Begin PBXBuildFile section */
		401EA06C295A0055003A7A19 /* AppDelegate.swift in Sources */ = {isa = PBXBuildFile; fileRef = 401EA06B295A0055003A7A19 /* AppDelegate.swift */; };
		401EA06E295A0055003A7A19 /* SceneDelegate.swift in Sources */ = {isa = PBXBuildFile; fileRef = 401EA06D295A0055003A7A19 /* SceneDelegate.swift */; };
		401EA070295A0055003A7A19 /* ViewController.swift in Sources */ = {isa = PBXBuildFile; fileRef = 401EA06F295A0055003A7A19 /* ViewController.swift */; };
		401EA073295A0055003A7A19 /* Main.storyboard in Resources */ = {isa = PBXBuildFile; fileRef = 401EA071295A0055003A7A19 /* Main.storyboard */; };
		401EA075295A0057003A7A19 /* Assets.xcassets in Resources */ = {isa = PBXBuildFile; fileRef = 401EA074295A0057003A7A19 /* Assets.xcassets */; };
		401EA078295A0057003A7A19 /* LaunchScreen.storyboard in Resources */ = {isa = PBXBuildFile; fileRef = 401EA076295A0057003A7A19 /* LaunchScreen.storyboard */; };
		401EA083295A0057003A7A19 /* xylophoneTests.swift in Sources */ = {isa = PBXBuildFile; fileRef = 401EA082295A0057003A7A19 /* xylophoneTests.swift */; };
		401EA08D295A0057003A7A19 /* xylophoneUITests.swift in Sources */ = {isa = PBXBuildFile; fileRef = 401EA08C295A0057003A7A19 /* xylophoneUITests.swift */; };
		401EA08F295A0057003A7A19 /* xylophoneUITestsLaunchTests.swift in Sources */ = {isa = PBXBuildFile; fileRef = 401EA08E295A0057003A7A19 /* xylophoneUITestsLaunchTests.swift */; };
		401EA0BE295A18AC003A7A19 /* G.wav in Resources */ = {isa = PBXBuildFile; fileRef = 401EA0B7295A18AC003A7A19 /* G.wav */; };
		401EA0BF295A18AC003A7A19 /* B.wav in Resources */ = {isa = PBXBuildFile; fileRef = 401EA0B8295A18AC003A7A19 /* B.wav */; };
		401EA0C0295A18AC003A7A19 /* E.wav in Resources */ = {isa = PBXBuildFile; fileRef = 401EA0B9295A18AC003A7A19 /* E.wav */; };
		401EA0C1295A18AC003A7A19 /* F.wav in Resources */ = {isa = PBXBuildFile; fileRef = 401EA0BA295A18AC003A7A19 /* F.wav */; };
		401EA0C2295A18AC003A7A19 /* A.wav in Resources */ = {isa = PBXBuildFile; fileRef = 401EA0BB295A18AC003A7A19 /* A.wav */; };
		401EA0C3295A18AC003A7A19 /* D.wav in Resources */ = {isa = PBXBuildFile; fileRef = 401EA0BC295A18AC003A7A19 /* D.wav */; };
		401EA0C4295A18AC003A7A19 /* C.wav in Resources */ = {isa = PBXBuildFile; fileRef = 401EA0BD295A18AC003A7A19 /* C.wav */; };
/* End PBXBuildFile section */

/* Begin PBXContainerItemProxy section */
		401EA07F295A0057003A7A19 /* PBXContainerItemProxy */ = {
			isa = PBXContainerItemProxy;
			containerPortal = 401EA060295A0055003A7A19 /* Project object */;
			proxyType = 1;
			remoteGlobalIDString = 401EA067295A0055003A7A19;
			remoteInfo = xylophone;
		};
		401EA089295A0057003A7A19 /* PBXContainerItemProxy */ = {
			isa = PBXContainerItemProxy;
			containerPortal = 401EA060295A0055003A7A19 /* Project object */;
			proxyType = 1;
			remoteGlobalIDString = 401EA067295A0055003A7A19;
			remoteInfo = xylophone;
		};
/* End PBXContainerItemProxy section */

/* Begin PBXFileReference section */
		401EA068295A0055003A7A19 /* xylophone.app */ = {isa = PBXFileReference; explicitFileType = wrapper.application; includeInIndex = 0; path = xylophone.app; sourceTree = BUILT_PRODUCTS_DIR; };
		401EA06B295A0055003A7A19 /* AppDelegate.swift */ = {isa = PBXFileReference; lastKnownFileType = sourcecode.swift; path = AppDelegate.swift; sourceTree = "<group>"; };
		401EA06D295A0055003A7A19 /* SceneDelegate.swift */ = {isa = PBXFileReference; lastKnownFileType = sourcecode.swift; path = SceneDelegate.swift; sourceTree = "<group>"; };
		401EA06F295A0055003A7A19 /* ViewController.swift */ = {isa = PBXFileReference; lastKnownFileType = sourcecode.swift; path = ViewController.swift; sourceTree = "<group>"; };
		401EA072295A0055003A7A19 /* Base */ = {isa = PBXFileReference; lastKnownFileType = file.storyboard; name = Base; path = Base.lproj/Main.storyboard; sourceTree = "<group>"; };
		401EA074295A0057003A7A19 /* Assets.xcassets */ = {isa = PBXFileReference; lastKnownFileType = folder.assetcatalog; path = Assets.xcassets; sourceTree = "<group>"; };
		401EA077295A0057003A7A19 /* Base */ = {isa = PBXFileReference; lastKnownFileType = file.storyboard; name = Base; path = Base.lproj/LaunchScreen.storyboard; sourceTree = "<group>"; };
		401EA079295A0057003A7A19 /* Info.plist */ = {isa = PBXFileReference; lastKnownFileType = text.plist.xml; path = Info.plist; sourceTree = "<group>"; };
		401EA07E295A0057003A7A19 /* xylophoneTests.xctest */ = {isa = PBXFileReference; explicitFileType = wrapper.cfbundle; includeInIndex = 0; path = xylophoneTests.xctest; sourceTree = BUILT_PRODUCTS_DIR; };
		401EA082295A0057003A7A19 /* xylophoneTests.swift */ = {isa = PBXFileReference; lastKnownFileType = sourcecode.swift; path = xylophoneTests.swift; sourceTree = "<group>"; };
		401EA088295A0057003A7A19 /* xylophoneUITests.xctest */ = {isa = PBXFileReference; explicitFileType = wrapper.cfbundle; includeInIndex = 0; path = xylophoneUITests.xctest; sourceTree = BUILT_PRODUCTS_DIR; };
		401EA08C295A0057003A7A19 /* xylophoneUITests.swift */ = {isa = PBXFileReference; lastKnownFileType = sourcecode.swift; path = xylophoneUITests.swift; sourceTree = "<group>"; };
		401EA08E295A0057003A7A19 /* xylophoneUITestsLaunchTests.swift */ = {isa = PBXFileReference; lastKnownFileType = sourcecode.swift; path = xylophoneUITestsLaunchTests.swift; sourceTree = "<group>"; };
		401EA0B7295A18AC003A7A19 /* G.wav */ = {isa = PBXFileReference; lastKnownFileType = audio.wav; path = G.wav; sourceTree = "<group>"; };
		401EA0B8295A18AC003A7A19 /* B.wav */ = {isa = PBXFileReference; lastKnownFileType = audio.wav; path = B.wav; sourceTree = "<group>"; };
		401EA0B9295A18AC003A7A19 /* E.wav */ = {isa = PBXFileReference; lastKnownFileType = audio.wav; path = E.wav; sourceTree = "<group>"; };
		401EA0BA295A18AC003A7A19 /* F.wav */ = {isa = PBXFileReference; lastKnownFileType = audio.wav; path = F.wav; sourceTree = "<group>"; };
		401EA0BB295A18AC003A7A19 /* A.wav */ = {isa = PBXFileReference; lastKnownFileType = audio.wav; path = A.wav; sourceTree = "<group>"; };
		401EA0BC295A18AC003A7A19 /* D.wav */ = {isa = PBXFileReference; lastKnownFileType = audio.wav; path = D.wav; sourceTree = "<group>"; };
		401EA0BD295A18AC003A7A19 /* C.wav */ = {isa = PBXFileReference; lastKnownFileType = audio.wav; path = C.wav; sourceTree = "<group>"; };
/* End PBXFileReference section */

/* Begin PBXFrameworksBuildPhase section */
		401EA065295A0055003A7A19 /* Frameworks */ = {
			isa = PBXFrameworksBuildPhase;
			buildActionMask = 2147483647;
			files = (
			);
			runOnlyForDeploymentPostprocessing = 0;
		};
		401EA07B295A0057003A7A19 /* Frameworks */ = {
			isa = PBXFrameworksBuildPhase;
			buildActionMask = 2147483647;
			files = (
			);
			runOnlyForDeploymentPostprocessing = 0;
		};
		401EA085295A0057003A7A19 /* Frameworks */ = {
			isa = PBXFrameworksBuildPhase;
			buildActionMask = 2147483647;
			files = (
			);
			runOnlyForDeploymentPostprocessing = 0;
		};
/* End PBXFrameworksBuildPhase section */

/* Begin PBXGroup section */
		401EA05F295A0055003A7A19 = {
			isa = PBXGroup;
			children = (
				401EA06A295A0055003A7A19 /* xylophone */,
				401EA081295A0057003A7A19 /* xylophoneTests */,
				401EA08B295A0057003A7A19 /* xylophoneUITests */,
				401EA069295A0055003A7A19 /* Products */,
			);
			sourceTree = "<group>";
		};
		401EA069295A0055003A7A19 /* Products */ = {
			isa = PBXGroup;
			children = (
				401EA068295A0055003A7A19 /* xylophone.app */,
				401EA07E295A0057003A7A19 /* xylophoneTests.xctest */,
				401EA088295A0057003A7A19 /* xylophoneUITests.xctest */,
			);
			name = Products;
			sourceTree = "<group>";
		};
		401EA06A295A0055003A7A19 /* xylophone */ = {
			isa = PBXGroup;
			children = (
				401EA0C5295A2258003A7A19 /* sounds */,
				401EA06B295A0055003A7A19 /* AppDelegate.swift */,
				401EA06D295A0055003A7A19 /* SceneDelegate.swift */,
				401EA06F295A0055003A7A19 /* ViewController.swift */,
				401EA071295A0055003A7A19 /* Main.storyboard */,
				401EA074295A0057003A7A19 /* Assets.xcassets */,
				401EA076295A0057003A7A19 /* LaunchScreen.storyboard */,
				401EA079295A0057003A7A19 /* Info.plist */,
			);
			path = xylophone;
			sourceTree = "<group>";
		};
		401EA081295A0057003A7A19 /* xylophoneTests */ = {
			isa = PBXGroup;
			children = (
				401EA082295A0057003A7A19 /* xylophoneTests.swift */,
			);
			path = xylophoneTests;
			sourceTree = "<group>";
		};
		401EA08B295A0057003A7A19 /* xylophoneUITests */ = {
			isa = PBXGroup;
			children = (
				401EA08C295A0057003A7A19 /* xylophoneUITests.swift */,
				401EA08E295A0057003A7A19 /* xylophoneUITestsLaunchTests.swift */,
			);
			path = xylophoneUITests;
			sourceTree = "<group>";
		};
		401EA0C5295A2258003A7A19 /* sounds */ = {
			isa = PBXGroup;
			children = (
				401EA0BB295A18AC003A7A19 /* A.wav */,
				401EA0B8295A18AC003A7A19 /* B.wav */,
				401EA0BD295A18AC003A7A19 /* C.wav */,
				401EA0BC295A18AC003A7A19 /* D.wav */,
				401EA0B9295A18AC003A7A19 /* E.wav */,
				401EA0BA295A18AC003A7A19 /* F.wav */,
				401EA0B7295A18AC003A7A19 /* G.wav */,
			);
			path = sounds;
			sourceTree = "<group>";
		};
/* End PBXGroup section */

/* Begin PBXNativeTarget section */
		401EA067295A0055003A7A19 /* xylophone */ = {
			isa = PBXNativeTarget;
			buildConfigurationList = 401EA092295A0057003A7A19 /* Build configuration list for PBXNativeTarget "xylophone" */;
			buildPhases = (
				401EA064295A0055003A7A19 /* Sources */,
				401EA065295A0055003A7A19 /* Frameworks */,
				401EA066295A0055003A7A19 /* Resources */,
			);
			buildRules = (
			);
			dependencies = (
			);
			name = xylophone;
			productName = xylophone;
			productReference = 401EA068295A0055003A7A19 /* xylophone.app */;
			productType = "com.apple.product-type.application";
		};
		401EA07D295A0057003A7A19 /* xylophoneTests */ = {
			isa = PBXNativeTarget;
			buildConfigurationList = 401EA095295A0057003A7A19 /* Build configuration list for PBXNativeTarget "xylophoneTests" */;
			buildPhases = (
				401EA07A295A0057003A7A19 /* Sources */,
				401EA07B295A0057003A7A19 /* Frameworks */,
				401EA07C295A0057003A7A19 /* Resources */,
			);
			buildRules = (
			);
			dependencies = (
				401EA080295A0057003A7A19 /* PBXTargetDependency */,
			);
			name = xylophoneTests;
			productName = xylophoneTests;
			productReference = 401EA07E295A0057003A7A19 /* xylophoneTests.xctest */;
			productType = "com.apple.product-type.bundle.unit-test";
		};
		401EA087295A0057003A7A19 /* xylophoneUITests */ = {
			isa = PBXNativeTarget;
			buildConfigurationList = 401EA098295A0057003A7A19 /* Build configuration list for PBXNativeTarget "xylophoneUITests" */;
			buildPhases = (
				401EA084295A0057003A7A19 /* Sources */,
				401EA085295A0057003A7A19 /* Frameworks */,
				401EA086295A0057003A7A19 /* Resources */,
			);
			buildRules = (
			);
			dependencies = (
				401EA08A295A0057003A7A19 /* PBXTargetDependency */,
			);
			name = xylophoneUITests;
			productName = xylophoneUITests;
			productReference = 401EA088295A0057003A7A19 /* xylophoneUITests.xctest */;
			productType = "com.apple.product-type.bundle.ui-testing";
		};
/* End PBXNativeTarget section */

/* Begin PBXProject section */
		401EA060295A0055003A7A19 /* Project object */ = {
			isa = PBXProject;
			attributes = {
				BuildIndependentTargetsInParallel = 1;
				LastSwiftUpdateCheck = 1420;
				LastUpgradeCheck = 1420;
				TargetAttributes = {
					401EA067295A0055003A7A19 = {
						CreatedOnToolsVersion = 14.2;
					};
					401EA07D295A0057003A7A19 = {
						CreatedOnToolsVersion = 14.2;
						TestTargetID = 401EA067295A0055003A7A19;
					};
					401EA087295A0057003A7A19 = {
						CreatedOnToolsVersion = 14.2;
						TestTargetID = 401EA067295A0055003A7A19;
					};
				};
			};
			buildConfigurationList = 401EA063295A0055003A7A19 /* Build configuration list for PBXProject "xylophone" */;
			compatibilityVersion = "Xcode 14.0";
			developmentRegion = en;
			hasScannedForEncodings = 0;
			knownRegions = (
				en,
				Base,
			);
			mainGroup = 401EA05F295A0055003A7A19;
			productRefGroup = 401EA069295A0055003A7A19 /* Products */;
			projectDirPath = "";
			projectRoot = "";
			targets = (
				401EA067295A0055003A7A19 /* xylophone */,
				401EA07D295A0057003A7A19 /* xylophoneTests */,
				401EA087295A0057003A7A19 /* xylophoneUITests */,
			);
		};
/* End PBXProject section */

/* Begin PBXResourcesBuildPhase section */
		401EA066295A0055003A7A19 /* Resources */ = {
			isa = PBXResourcesBuildPhase;
			buildActionMask = 2147483647;
			files = (
				401EA0C3295A18AC003A7A19 /* D.wav in Resources */,
				401EA0C0295A18AC003A7A19 /* E.wav in Resources */,
				401EA0C1295A18AC003A7A19 /* F.wav in Resources */,
				401EA0C2295A18AC003A7A19 /* A.wav in Resources */,
				401EA0C4295A18AC003A7A19 /* C.wav in Resources */,
				401EA0BE295A18AC003A7A19 /* G.wav in Resources */,
				401EA0BF295A18AC003A7A19 /* B.wav in Resources */,
				401EA078295A0057003A7A19 /* LaunchScreen.storyboard in Resources */,
				401EA075295A0057003A7A19 /* Assets.xcassets in Resources */,
				401EA073295A0055003A7A19 /* Main.storyboard in Resources */,
			);
			runOnlyForDeploymentPostprocessing = 0;
		};
		401EA07C295A0057003A7A19 /* Resources */ = {
			isa = PBXResourcesBuildPhase;
			buildActionMask = 2147483647;
			files = (
			);
			runOnlyForDeploymentPostprocessing = 0;
		};
		401EA086295A0057003A7A19 /* Resources */ = {
			isa = PBXResourcesBuildPhase;
			buildActionMask = 2147483647;
			files = (
			);
			runOnlyForDeploymentPostprocessing = 0;
		};
/* End PBXResourcesBuildPhase section */

/* Begin PBXSourcesBuildPhase section */
		401EA064295A0055003A7A19 /* Sources */ = {
			isa = PBXSourcesBuildPhase;
			buildActionMask = 2147483647;
			files = (
				401EA070295A0055003A7A19 /* ViewController.swift in Sources */,
				401EA06C295A0055003A7A19 /* AppDelegate.swift in Sources */,
				401EA06E295A0055003A7A19 /* SceneDelegate.swift in Sources */,
			);
			runOnlyForDeploymentPostprocessing = 0;
		};
		401EA07A295A0057003A7A19 /* Sources */ = {
			isa = PBXSourcesBuildPhase;
			buildActionMask = 2147483647;
			files = (
				401EA083295A0057003A7A19 /* xylophoneTests.swift in Sources */,
			);
			runOnlyForDeploymentPostprocessing = 0;
		};
		401EA084295A0057003A7A19 /* Sources */ = {
			isa = PBXSourcesBuildPhase;
			buildActionMask = 2147483647;
			files = (
				401EA08D295A0057003A7A19 /* xylophoneUITests.swift in Sources */,
				401EA08F295A0057003A7A19 /* xylophoneUITestsLaunchTests.swift in Sources */,
			);
			runOnlyForDeploymentPostprocessing = 0;
		};
/* End PBXSourcesBuildPhase section */

/* Begin PBXTargetDependency section */
		401EA080295A0057003A7A19 /* PBXTargetDependency */ = {
			isa = PBXTargetDependency;
			target = 401EA067295A0055003A7A19 /* xylophone */;
			targetProxy = 401EA07F295A0057003A7A19 /* PBXContainerItemProxy */;
		};
		401EA08A295A0057003A7A19 /* PBXTargetDependency */ = {
			isa = PBXTargetDependency;
			target = 401EA067295A0055003A7A19 /* xylophone */;
			targetProxy = 401EA089295A0057003A7A19 /* PBXContainerItemProxy */;
		};
/* End PBXTargetDependency section */

/* Begin PBXVariantGroup section */
		401EA071295A0055003A7A19 /* Main.storyboard */ = {
			isa = PBXVariantGroup;
			children = (
				401EA072295A0055003A7A19 /* Base */,
			);
			name = Main.storyboard;
			sourceTree = "<group>";
		};
		401EA076295A0057003A7A19 /* LaunchScreen.storyboard */ = {
			isa = PBXVariantGroup;
			children = (
				401EA077295A0057003A7A19 /* Base */,
			);
			name = LaunchScreen.storyboard;
			sourceTree = "<group>";
		};
/* End PBXVariantGroup section */

/* Begin XCBuildConfiguration section */
		401EA090295A0057003A7A19 /* Debug */ = {
			isa = XCBuildConfiguration;
			buildSettings = {
				ALWAYS_SEARCH_USER_PATHS = NO;
				CLANG_ANALYZER_NONNULL = YES;
				CLANG_ANALYZER_NUMBER_OBJECT_CONVERSION = YES_AGGRESSIVE;
				CLANG_CXX_LANGUAGE_STANDARD = "gnu++20";
				CLANG_ENABLE_MODULES = YES;
				CLANG_ENABLE_OBJC_ARC = YES;
				CLANG_ENABLE_OBJC_WEAK = YES;
				CLANG_WARN_BLOCK_CAPTURE_AUTORELEASING = YES;
				CLANG_WARN_BOOL_CONVERSION = YES;
				CLANG_WARN_COMMA = YES;
				CLANG_WARN_CONSTANT_CONVERSION = YES;
				CLANG_WARN_DEPRECATED_OBJC_IMPLEMENTATIONS = YES;
				CLANG_WARN_DIRECT_OBJC_ISA_USAGE = YES_ERROR;
				CLANG_WARN_DOCUMENTATION_COMMENTS = YES;
				CLANG_WARN_EMPTY_BODY = YES;
				CLANG_WARN_ENUM_CONVERSION = YES;
				CLANG_WARN_INFINITE_RECURSION = YES;
				CLANG_WARN_INT_CONVERSION = YES;
				CLANG_WARN_NON_LITERAL_NULL_CONVERSION = YES;
				CLANG_WARN_OBJC_IMPLICIT_RETAIN_SELF = YES;
				CLANG_WARN_OBJC_LITERAL_CONVERSION = YES;
				CLANG_WARN_OBJC_ROOT_CLASS = YES_ERROR;
				CLANG_WARN_QUOTED_INCLUDE_IN_FRAMEWORK_HEADER = YES;
				CLANG_WARN_RANGE_LOOP_ANALYSIS = YES;
				CLANG_WARN_STRICT_PROTOTYPES = YES;
				CLANG_WARN_SUSPICIOUS_MOVE = YES;
				CLANG_WARN_UNGUARDED_AVAILABILITY = YES_AGGRESSIVE;
				CLANG_WARN_UNREACHABLE_CODE = YES;
				CLANG_WARN__DUPLICATE_METHOD_MATCH = YES;
				COPY_PHASE_STRIP = NO;
				DEBUG_INFORMATION_FORMAT = dwarf;
				ENABLE_STRICT_OBJC_MSGSEND = YES;
				ENABLE_TESTABILITY = YES;
				GCC_C_LANGUAGE_STANDARD = gnu11;
				GCC_DYNAMIC_NO_PIC = NO;
				GCC_NO_COMMON_BLOCKS = YES;
				GCC_OPTIMIZATION_LEVEL = 0;
				GCC_PREPROCESSOR_DEFINITIONS = (
					"DEBUG=1",
					"$(inherited)",
				);
				GCC_WARN_64_TO_32_BIT_CONVERSION = YES;
				GCC_WARN_ABOUT_RETURN_TYPE = YES_ERROR;
				GCC_WARN_UNDECLARED_SELECTOR = YES;
				GCC_WARN_UNINITIALIZED_AUTOS = YES_AGGRESSIVE;
				GCC_WARN_UNUSED_FUNCTION = YES;
				GCC_WARN_UNUSED_VARIABLE = YES;
				IPHONEOS_DEPLOYMENT_TARGET = 16.2;
				MTL_ENABLE_DEBUG_INFO = INCLUDE_SOURCE;
				MTL_FAST_MATH = YES;
				ONLY_ACTIVE_ARCH = YES;
				SDKROOT = iphoneos;
				SWIFT_ACTIVE_COMPILATION_CONDITIONS = DEBUG;
				SWIFT_OPTIMIZATION_LEVEL = "-Onone";
			};
			name = Debug;
		};
		401EA091295A0057003A7A19 /* Release */ = {
			isa = XCBuildConfiguration;
			buildSettings = {
				ALWAYS_SEARCH_USER_PATHS = NO;
				CLANG_ANALYZER_NONNULL = YES;
				CLANG_ANALYZER_NUMBER_OBJECT_CONVERSION = YES_AGGRESSIVE;
				CLANG_CXX_LANGUAGE_STANDARD = "gnu++20";
				CLANG_ENABLE_MODULES = YES;
				CLANG_ENABLE_OBJC_ARC = YES;
				CLANG_ENABLE_OBJC_WEAK = YES;
				CLANG_WARN_BLOCK_CAPTURE_AUTORELEASING = YES;
				CLANG_WARN_BOOL_CONVERSION = YES;
				CLANG_WARN_COMMA = YES;
				CLANG_WARN_CONSTANT_CONVERSION = YES;
				CLANG_WARN_DEPRECATED_OBJC_IMPLEMENTATIONS = YES;
				CLANG_WARN_DIRECT_OBJC_ISA_USAGE = YES_ERROR;
				CLANG_WARN_DOCUMENTATION_COMMENTS = YES;
				CLANG_WARN_EMPTY_BODY = YES;
				CLANG_WARN_ENUM_CONVERSION = YES;
				CLANG_WARN_INFINITE_RECURSION = YES;
				CLANG_WARN_INT_CONVERSION = YES;
				CLANG_WARN_NON_LITERAL_NULL_CONVERSION = YES;
				CLANG_WARN_OBJC_IMPLICIT_RETAIN_SELF = YES;
				CLANG_WARN_OBJC_LITERAL_CONVERSION = YES;
				CLANG_WARN_OBJC_ROOT_CLASS = YES_ERROR;
				CLANG_WARN_QUOTED_INCLUDE_IN_FRAMEWORK_HEADER = YES;
				CLANG_WARN_RANGE_LOOP_ANALYSIS = YES;
				CLANG_WARN_STRICT_PROTOTYPES = YES;
				CLANG_WARN_SUSPICIOUS_MOVE = YES;
				CLANG_WARN_UNGUARDED_AVAILABILITY = YES_AGGRESSIVE;
				CLANG_WARN_UNREACHABLE_CODE = YES;
				CLANG_WARN__DUPLICATE_METHOD_MATCH = YES;
				COPY_PHASE_STRIP = NO;
				DEBUG_INFORMATION_FORMAT = "dwarf-with-dsym";
				ENABLE_NS_ASSERTIONS = NO;
				ENABLE_STRICT_OBJC_MSGSEND = YES;
				GCC_C_LANGUAGE_STANDARD = gnu11;
				GCC_NO_COMMON_BLOCKS = YES;
				GCC_WARN_64_TO_32_BIT_CONVERSION = YES;
				GCC_WARN_ABOUT_RETURN_TYPE = YES_ERROR;
				GCC_WARN_UNDECLARED_SELECTOR = YES;
				GCC_WARN_UNINITIALIZED_AUTOS = YES_AGGRESSIVE;
				GCC_WARN_UNUSED_FUNCTION = YES;
				GCC_WARN_UNUSED_VARIABLE = YES;
				IPHONEOS_DEPLOYMENT_TARGET = 16.2;
				MTL_ENABLE_DEBUG_INFO = NO;
				MTL_FAST_MATH = YES;
				SDKROOT = iphoneos;
				SWIFT_COMPILATION_MODE = wholemodule;
				SWIFT_OPTIMIZATION_LEVEL = "-O";
				VALIDATE_PRODUCT = YES;
			};
			name = Release;
		};
		401EA093295A0057003A7A19 /* Debug */ = {
			isa = XCBuildConfiguration;
			buildSettings = {
				ASSETCATALOG_COMPILER_APPICON_NAME = AppIcon;
				ASSETCATALOG_COMPILER_GLOBAL_ACCENT_COLOR_NAME = AccentColor;
				CODE_SIGN_STYLE = Automatic;
				CURRENT_PROJECT_VERSION = 1;
				DEVELOPMENT_TEAM = D5M38GX662;
				GENERATE_INFOPLIST_FILE = YES;
				INFOPLIST_FILE = xylophone/Info.plist;
				INFOPLIST_KEY_UIApplicationSupportsIndirectInputEvents = YES;
				INFOPLIST_KEY_UILaunchStoryboardName = LaunchScreen;
				INFOPLIST_KEY_UIMainStoryboardFile = Main;
				INFOPLIST_KEY_UISupportedInterfaceOrientations_iPad = "UIInterfaceOrientationPortrait UIInterfaceOrientationPortraitUpsideDown UIInterfaceOrientationLandscapeLeft UIInterfaceOrientationLandscapeRight";
				INFOPLIST_KEY_UISupportedInterfaceOrientations_iPhone = "UIInterfaceOrientationPortrait UIInterfaceOrientationLandscapeLeft UIInterfaceOrientationLandscapeRight";
				LD_RUNPATH_SEARCH_PATHS = (
					"$(inherited)",
					"@executable_path/Frameworks",
				);
				MARKETING_VERSION = 1.0;
				PRODUCT_BUNDLE_IDENTIFIER = com.pravalappdev.xylophone;
				PRODUCT_NAME = "$(TARGET_NAME)";
				SWIFT_EMIT_LOC_STRINGS = YES;
				SWIFT_VERSION = 5.0;
				TARGETED_DEVICE_FAMILY = "1,2";
			};
			name = Debug;
		};
		401EA094295A0057003A7A19 /* Release */ = {
			isa = XCBuildConfiguration;
			buildSettings = {
				ASSETCATALOG_COMPILER_APPICON_NAME = AppIcon;
				ASSETCATALOG_COMPILER_GLOBAL_ACCENT_COLOR_NAME = AccentColor;
				CODE_SIGN_STYLE = Automatic;
				CURRENT_PROJECT_VERSION = 1;
				DEVELOPMENT_TEAM = D5M38GX662;
				GENERATE_INFOPLIST_FILE = YES;
				INFOPLIST_FILE = xylophone/Info.plist;
				INFOPLIST_KEY_UIApplicationSupportsIndirectInputEvents = YES;
				INFOPLIST_KEY_UILaunchStoryboardName = LaunchScreen;
				INFOPLIST_KEY_UIMainStoryboardFile = Main;
				INFOPLIST_KEY_UISupportedInterfaceOrientations_iPad = "UIInterfaceOrientationPortrait UIInterfaceOrientationPortraitUpsideDown UIInterfaceOrientationLandscapeLeft UIInterfaceOrientationLandscapeRight";
				INFOPLIST_KEY_UISupportedInterfaceOrientations_iPhone = "UIInterfaceOrientationPortrait UIInterfaceOrientationLandscapeLeft UIInterfaceOrientationLandscapeRight";
				LD_RUNPATH_SEARCH_PATHS = (
					"$(inherited)",
					"@executable_path/Frameworks",
				);
				MARKETING_VERSION = 1.0;
				PRODUCT_BUNDLE_IDENTIFIER = com.pravalappdev.xylophone;
				PRODUCT_NAME = "$(TARGET_NAME)";
				SWIFT_EMIT_LOC_STRINGS = YES;
				SWIFT_VERSION = 5.0;
				TARGETED_DEVICE_FAMILY = "1,2";
			};
			name = Release;
		};
		401EA096295A0057003A7A19 /* Debug */ = {
			isa = XCBuildConfiguration;
			buildSettings = {
				ALWAYS_EMBED_SWIFT_STANDARD_LIBRARIES = YES;
				BUNDLE_LOADER = "$(TEST_HOST)";
				CODE_SIGN_STYLE = Automatic;
				CURRENT_PROJECT_VERSION = 1;
				GENERATE_INFOPLIST_FILE = YES;
				IPHONEOS_DEPLOYMENT_TARGET = 16.2;
				MARKETING_VERSION = 1.0;
				PRODUCT_BUNDLE_IDENTIFIER = com.pravalappdev.xylophoneTests;
				PRODUCT_NAME = "$(TARGET_NAME)";
				SWIFT_EMIT_LOC_STRINGS = NO;
				SWIFT_VERSION = 5.0;
				TARGETED_DEVICE_FAMILY = "1,2";
				TEST_HOST = "$(BUILT_PRODUCTS_DIR)/xylophone.app/$(BUNDLE_EXECUTABLE_FOLDER_PATH)/xylophone";
			};
			name = Debug;
		};
		401EA097295A0057003A7A19 /* Release */ = {
			isa = XCBuildConfiguration;
			buildSettings = {
				ALWAYS_EMBED_SWIFT_STANDARD_LIBRARIES = YES;
				BUNDLE_LOADER = "$(TEST_HOST)";
				CODE_SIGN_STYLE = Automatic;
				CURRENT_PROJECT_VERSION = 1;
				GENERATE_INFOPLIST_FILE = YES;
				IPHONEOS_DEPLOYMENT_TARGET = 16.2;
				MARKETING_VERSION = 1.0;
				PRODUCT_BUNDLE_IDENTIFIER = com.pravalappdev.xylophoneTests;
				PRODUCT_NAME = "$(TARGET_NAME)";
				SWIFT_EMIT_LOC_STRINGS = NO;
				SWIFT_VERSION = 5.0;
				TARGETED_DEVICE_FAMILY = "1,2";
				TEST_HOST = "$(BUILT_PRODUCTS_DIR)/xylophone.app/$(BUNDLE_EXECUTABLE_FOLDER_PATH)/xylophone";
			};
			name = Release;
		};
		401EA099295A0057003A7A19 /* Debug */ = {
			isa = XCBuildConfiguration;
			buildSettings = {
				ALWAYS_EMBED_SWIFT_STANDARD_LIBRARIES = YES;
				CODE_SIGN_STYLE = Automatic;
				CURRENT_PROJECT_VERSION = 1;
				GENERATE_INFOPLIST_FILE = YES;
				MARKETING_VERSION = 1.0;
				PRODUCT_BUNDLE_IDENTIFIER = com.pravalappdev.xylophoneUITests;
				PRODUCT_NAME = "$(TARGET_NAME)";
				SWIFT_EMIT_LOC_STRINGS = NO;
				SWIFT_VERSION = 5.0;
				TARGETED_DEVICE_FAMILY = "1,2";
				TEST_TARGET_NAME = xylophone;
			};
			name = Debug;
		};
		401EA09A295A0057003A7A19 /* Release */ = {
			isa = XCBuildConfiguration;
			buildSettings = {
				ALWAYS_EMBED_SWIFT_STANDARD_LIBRARIES = YES;
				CODE_SIGN_STYLE = Automatic;
				CURRENT_PROJECT_VERSION = 1;
				GENERATE_INFOPLIST_FILE = YES;
				MARKETING_VERSION = 1.0;
				PRODUCT_BUNDLE_IDENTIFIER = com.pravalappdev.xylophoneUITests;
				PRODUCT_NAME = "$(TARGET_NAME)";
				SWIFT_EMIT_LOC_STRINGS = NO;
				SWIFT_VERSION = 5.0;
				TARGETED_DEVICE_FAMILY = "1,2";
				TEST_TARGET_NAME = xylophone;
			};
			name = Release;
		};
/* End XCBuildConfiguration section */

/* Begin XCConfigurationList section */
		401EA063295A0055003A7A19 /* Build configuration list for PBXProject "xylophone" */ = {
			isa = XCConfigurationList;
			buildConfigurations = (
				401EA090295A0057003A7A19 /* Debug */,
				401EA091295A0057003A7A19 /* Release */,
			);
			defaultConfigurationIsVisible = 0;
			defaultConfigurationName = Release;
		};
		401EA092295A0057003A7A19 /* Build configuration list for PBXNativeTarget "xylophone" */ = {
			isa = XCConfigurationList;
			buildConfigurations = (
				401EA093295A0057003A7A19 /* Debug */,
				401EA094295A0057003A7A19 /* Release */,
			);
			defaultConfigurationIsVisible = 0;
			defaultConfigurationName = Release;
		};
		401EA095295A0057003A7A19 /* Build configuration list for PBXNativeTarget "xylophoneTests" */ = {
			isa = XCConfigurationList;
			buildConfigurations = (
				401EA096295A0057003A7A19 /* Debug */,
				401EA097295A0057003A7A19 /* Release */,
			);
			defaultConfigurationIsVisible = 0;
			defaultConfigurationName = Release;
		};
		401EA098295A0057003A7A19 /* Build configuration list for PBXNativeTarget "xylophoneUITests" */ = {
			isa = XCConfigurationList;
			buildConfigurations = (
				401EA099295A0057003A7A19 /* Debug */,
				401EA09A295A0057003A7A19 /* Release */,
			);
			defaultConfigurationIsVisible = 0;
			defaultConfigurationName = Release;
		};
/* End XCConfigurationList section */
	};
	rootObject = 401EA060295A0055003A7A19 /* Project object */;
}
